github.com/chai2010/winsvc v0.0.0-20200705094454-db7ec320025c h1:ZgxF2fGttmsetibm9Tc91TAUWzRZSfjJPstNxU6jWyU=
github.com/chai2010/winsvc v0.0.0-20200705094454-db7ec320025c/go.mod h1:b9Xy0A0C/binZARjeVfHEr+gHzQUVztL71bTms7PRIM=
github.com/macronut/godivert v0.0.0-20200223163208-e0ee08361ab9 h1:6ASu1qSwyTtiPmHNU7kkDz8panXiR11BBSw1ZNmz5Qw=
github.com/macronut/godivert v0.0.0-20200223163208-e0ee08361ab9/go.mod h1:WBXFEDDmnnVWR14TQAvMxdaHrW7Ewbt7pNerMHiyNzY=
github.com/williamfhe/godivert v0.0.0-20181229124620-a48c5b872c73 h1:uTcyLPxotESVvsf6sWcw+6MyDAsuuI7Q2TJn+pWyt/c=
github.com/williamfhe/godivert v0.0.0-20181229124620-a48c5b872c73/go.mod h1:2A+pcb3S0puG6gpwq2d8+7HGgCWXyCBwnsv/n3abx4U=
golang.org/x/sys v0.0.0-20211025201205-69cdffdb9359 h1:2B5p2L5IfGiD7+b9BOoRMC6DgObAVZV+Fsp050NqXik=
golang.org/x/sys v0.0.0-20211025201205-69cdffdb9359/go.mod h1:oPkhp1MJrh7nUepCBck5+mAzfO9JrbApNNgaTdGDITg=
